
Microsoft Visual Studio Solution File, Format Version 12.00
# Visual Studio Version 16
VisualStudioVersion = 16.0.30611.23
MinimumVisualStudioVersion = 10.0.40219.1
Project("{9A19103F-16F7-4668-BE54-9A1E7A4F7556}") = "WikiParser", "WikiParcer\WikiParser.csproj", "{F931DB0E-2C60-469B-B362-FCCC221819AE}"
EndProject
Global
	GlobalSection(SolutionConfigurationPlatforms) = preSolution
		Debug|Any CPU = Debug|Any CPU
		Release|Any CPU = Release|Any CPU
	EndGlobalSection
	GlobalSection(ProjectConfigurationPlatforms) = postSolution
		{F931DB0E-2C60-469B-B362-FCCC221819AE}.Debug|Any CPU.ActiveCfg = Debug|Any CPU
		{F931DB0E-2C60-469B-B362-FCCC221819AE}.Debug|Any CPU.Build.0 = Debug|Any CPU
		{F931DB0E-2C60-469B-B362-FCCC221819AE}.Release|Any CPU.ActiveCfg = Release|Any CPU
		{F931DB0E-2C60-469B-B362-FCCC221819AE}.Release|Any CPU.Build.0 = Release|Any CPU
	EndGlobalSection
	GlobalSection(SolutionProperties) = preSolution
		HideSolutionNode = FALSE
	EndGlobalSection
	GlobalSection(ExtensibilityGlobals) = postSolution
		SolutionGuid = {47946217-868B-4C1A-9C0B-EF29B60F18BC}
	EndGlobalSection
EndGlobal
